<?xml version="1.0" encoding="UTF-8" standalone="yes" ?>
<CodeBlocks_project_file>
	<FileVersion major="1" minor="6" />
	<Project>
		<Option title="testowy" />
		<Option pch_mode="2" />
		<Option compiler="gcc" />
		<Option virtualFolders="GUI/;JSON/;Turtle/;Rules/;logger/;Rules/Parametric/;" />
		<Build>
			<Target title="Debug">
				<Option output="bin/Debug/testowy" prefix_auto="1" extension_auto="1" />
				<Option object_output="obj/Debug/" />
				<Option type="1" />
				<Option compiler="gcc" />
				<Compiler>
					<Add option="-std=c++11" />
					<Add option="-g" />
					<Add option="-DDEBUG" />
					<Add directory="include" />
				</Compiler>
				<Linker>
					<Add library="sfml-graphics-d" />
					<Add library="sfml-window-d" />
					<Add library="sfml-system-d" />
				</Linker>
			</Target>
			<Target title="Release">
				<Option output="bin/Release/testowy" prefix_auto="1" extension_auto="1" />
				<Option object_output="obj/Release/" />
				<Option type="1" />
				<Option compiler="gcc" />
				<Compiler>
					<Add option="-std=c++11" />
					<Add option="-DRELEASE" />
					<Add directory="include" />
				</Compiler>
				<Linker>
					<Add library="sfml-graphics" />
					<Add library="sfml-window" />
					<Add library="sfml-system" />
				</Linker>
			</Target>
		</Build>
		<Compiler>
			<Add option="-std=c++11" />
			<Add option="-w" />
		</Compiler>
		<Linker>
			<Add library="libsfgui" />
			<Add library="pthread" />
		</Linker>
		<Unit filename="db.json">
			<Option virtualFolder="JSON/" />
		</Unit>
		<Unit filename="include/Axiom.h">
			<Option virtualFolder="Rules/" />
		</Unit>
		<Unit filename="include/ContextAxiom.h">
			<Option virtualFolder="Rules/" />
		</Unit>
		<Unit filename="include/GUI.h">
			<Option virtualFolder="GUI/" />
		</Unit>
		<Unit filename="include/JSONReader.h">
			<Option virtualFolder="JSON/" />
		</Unit>
		<Unit filename="include/ParametricAxiom.h">
			<Option virtualFolder="Rules/Parametric/" />
		</Unit>
		<Unit filename="include/ProbabilityAxiom.h">
			<Option virtualFolder="Rules/" />
		</Unit>
		<Unit filename="include/Rule.h">
			<Option virtualFolder="Rules/" />
		</Unit>
		<Unit filename="include/RuleAxiomGUI.h">
			<Option virtualFolder="GUI/" />
		</Unit>
		<Unit filename="include/Turtle.h">
			<Option virtualFolder="Turtle/" />
		</Unit>
		<Unit filename="include/TurtleDrawer.h">
			<Option virtualFolder="Turtle/" />
		</Unit>
		<Unit filename="include/easylogging++.h">
			<Option virtualFolder="logger/" />
		</Unit>
		<Unit filename="include/rapidjson/allocators.h" />
		<Unit filename="include/rapidjson/document.h" />
		<Unit filename="include/rapidjson/encodedstream.h" />
		<Unit filename="include/rapidjson/encodings.h" />
		<Unit filename="include/rapidjson/error/en.h" />
		<Unit filename="include/rapidjson/error/error.h" />
		<Unit filename="include/rapidjson/filereadstream.h" />
		<Unit filename="include/rapidjson/filewritestream.h" />
		<Unit filename="include/rapidjson/internal/biginteger.h" />
		<Unit filename="include/rapidjson/internal/diyfp.h" />
		<Unit filename="include/rapidjson/internal/dtoa.h" />
		<Unit filename="include/rapidjson/internal/ieee754.h" />
		<Unit filename="include/rapidjson/internal/itoa.h" />
		<Unit filename="include/rapidjson/internal/meta.h" />
		<Unit filename="include/rapidjson/internal/pow10.h" />
		<Unit filename="include/rapidjson/internal/stack.h" />
		<Unit filename="include/rapidjson/internal/strfunc.h" />
		<Unit filename="include/rapidjson/internal/strtod.h" />
		<Unit filename="include/rapidjson/memorybuffer.h" />
		<Unit filename="include/rapidjson/memorystream.h" />
		<Unit filename="include/rapidjson/msinttypes/inttypes.h" />
		<Unit filename="include/rapidjson/msinttypes/stdint.h" />
		<Unit filename="include/rapidjson/pointer.h" />
		<Unit filename="include/rapidjson/prettywriter.h" />
		<Unit filename="include/rapidjson/rapidjson.h" />
		<Unit filename="include/rapidjson/reader.h" />
		<Unit filename="include/rapidjson/stringbuffer.h" />
		<Unit filename="include/rapidjson/writer.h" />
		<Unit filename="main.cpp" />
		<Unit filename="src/Axiom.cpp">
			<Option virtualFolder="Rules/" />
		</Unit>
		<Unit filename="src/GUI.cpp">
			<Option virtualFolder="GUI/" />
		</Unit>
		<Unit filename="src/JSONReader.cpp">
			<Option virtualFolder="JSON/" />
		</Unit>
		<Unit filename="src/ParametricAxiom.cpp">
			<Option virtualFolder="Rules/Parametric/" />
		</Unit>
		<Unit filename="src/Rule.cpp">
			<Option virtualFolder="Rules/" />
		</Unit>
		<Unit filename="src/RuleAxiomGUI.cpp">
			<Option virtualFolder="GUI/" />
		</Unit>
		<Unit filename="src/Turtle.cpp">
			<Option virtualFolder="Turtle/" />
		</Unit>
		<Unit filename="src/TurtleDrawer.cpp">
			<Option virtualFolder="Turtle/" />
		</Unit>
		<Extensions>
			<code_completion />
			<envvars />
			<debugger />
		</Extensions>
	</Project>
</CodeBlocks_project_file>
